
Microsoft Visual Studio Solution File, Format Version 12.00
# Visual Studio 15
VisualStudioVersion = 15.0.27428.2027
MinimumVisualStudioVersion = 10.0.40219.1
Project("{9A19103F-16F7-4668-BE54-9A1E7A4F7556}") = "RabbitMQ.Manager", "MQManager\RabbitMQ.Manager.csproj", "{9A6F5270-2E80-4AC1-B88B-4A30281A867D}"
EndProject
Project("{9A19103F-16F7-4668-BE54-9A1E7A4F7556}") = "RabbitMQ.Receiver", "MQReceiver\RabbitMQ.Receiver.csproj", "{52E866C0-AD39-4516-B575-B0C334700B8D}"
EndProject
Project("{9A19103F-16F7-4668-BE54-9A1E7A4F7556}") = "RabbitMQ.Sender", "MQSender\RabbitMQ.Sender.csproj", "{96E06213-A2D7-4E17-9587-F879FABEA83B}"
EndProject
Project("{9A19103F-16F7-4668-BE54-9A1E7A4F7556}") = "RabbitMQ.Mock", "RabbitMQ.Mock\RabbitMQ.Mock.csproj", "{2C2F2CE6-404E-46B6-8663-92CE9EBB0383}"
EndProject
Project("{9A19103F-16F7-4668-BE54-9A1E7A4F7556}") = "RabbitMQ.Mock.Test", "RabbitMQ.Mock.Test\RabbitMQ.Mock.Test.csproj", "{026A219F-AA4E-4F7F-B1E3-C7D4EB182EDC}"
EndProject
Project("{2150E333-8FDC-42A3-9474-1A3956D46DE8}") = "Console", "Console", "{D141C954-68FF-4C6D-8A2B-652D888BDC8B}"
EndProject
Project("{2150E333-8FDC-42A3-9474-1A3956D46DE8}") = "Lib", "Lib", "{AC8AD114-9324-4701-B0BD-8B905658713A}"
EndProject
Project("{2150E333-8FDC-42A3-9474-1A3956D46DE8}") = "Unit Testing", "Unit Testing", "{82649277-035E-47F1-AA29-061243118197}"
EndProject
Project("{2150E333-8FDC-42A3-9474-1A3956D46DE8}") = "Lib", "Lib", "{5B327386-C159-4E95-93FB-8DD1B8FF0FA7}"
EndProject
Project("{2150E333-8FDC-42A3-9474-1A3956D46DE8}") = "Unit Test", "Unit Test", "{B42C385A-C28A-47B9-B101-89D6BAD64236}"
EndProject
Global
	GlobalSection(SolutionConfigurationPlatforms) = preSolution
		Debug|Any CPU = Debug|Any CPU
		Release|Any CPU = Release|Any CPU
	EndGlobalSection
	GlobalSection(ProjectConfigurationPlatforms) = postSolution
		{9A6F5270-2E80-4AC1-B88B-4A30281A867D}.Debug|Any CPU.ActiveCfg = Debug|Any CPU
		{9A6F5270-2E80-4AC1-B88B-4A30281A867D}.Debug|Any CPU.Build.0 = Debug|Any CPU
		{9A6F5270-2E80-4AC1-B88B-4A30281A867D}.Release|Any CPU.ActiveCfg = Release|Any CPU
		{9A6F5270-2E80-4AC1-B88B-4A30281A867D}.Release|Any CPU.Build.0 = Release|Any CPU
		{52E866C0-AD39-4516-B575-B0C334700B8D}.Debug|Any CPU.ActiveCfg = Debug|Any CPU
		{52E866C0-AD39-4516-B575-B0C334700B8D}.Debug|Any CPU.Build.0 = Debug|Any CPU
		{52E866C0-AD39-4516-B575-B0C334700B8D}.Release|Any CPU.ActiveCfg = Release|Any CPU
		{52E866C0-AD39-4516-B575-B0C334700B8D}.Release|Any CPU.Build.0 = Release|Any CPU
		{96E06213-A2D7-4E17-9587-F879FABEA83B}.Debug|Any CPU.ActiveCfg = Debug|Any CPU
		{96E06213-A2D7-4E17-9587-F879FABEA83B}.Debug|Any CPU.Build.0 = Debug|Any CPU
		{96E06213-A2D7-4E17-9587-F879FABEA83B}.Release|Any CPU.ActiveCfg = Release|Any CPU
		{96E06213-A2D7-4E17-9587-F879FABEA83B}.Release|Any CPU.Build.0 = Release|Any CPU
		{2C2F2CE6-404E-46B6-8663-92CE9EBB0383}.Debug|Any CPU.ActiveCfg = Debug|Any CPU
		{2C2F2CE6-404E-46B6-8663-92CE9EBB0383}.Debug|Any CPU.Build.0 = Debug|Any CPU
		{2C2F2CE6-404E-46B6-8663-92CE9EBB0383}.Release|Any CPU.ActiveCfg = Release|Any CPU
		{2C2F2CE6-404E-46B6-8663-92CE9EBB0383}.Release|Any CPU.Build.0 = Release|Any CPU
		{026A219F-AA4E-4F7F-B1E3-C7D4EB182EDC}.Debug|Any CPU.ActiveCfg = Debug|Any CPU
		{026A219F-AA4E-4F7F-B1E3-C7D4EB182EDC}.Debug|Any CPU.Build.0 = Debug|Any CPU
		{026A219F-AA4E-4F7F-B1E3-C7D4EB182EDC}.Release|Any CPU.ActiveCfg = Release|Any CPU
		{026A219F-AA4E-4F7F-B1E3-C7D4EB182EDC}.Release|Any CPU.Build.0 = Release|Any CPU
	EndGlobalSection
	GlobalSection(SolutionProperties) = preSolution
		HideSolutionNode = FALSE
	EndGlobalSection
	GlobalSection(NestedProjects) = preSolution
		{9A6F5270-2E80-4AC1-B88B-4A30281A867D} = {AC8AD114-9324-4701-B0BD-8B905658713A}
		{52E866C0-AD39-4516-B575-B0C334700B8D} = {D141C954-68FF-4C6D-8A2B-652D888BDC8B}
		{96E06213-A2D7-4E17-9587-F879FABEA83B} = {D141C954-68FF-4C6D-8A2B-652D888BDC8B}
		{2C2F2CE6-404E-46B6-8663-92CE9EBB0383} = {5B327386-C159-4E95-93FB-8DD1B8FF0FA7}
		{026A219F-AA4E-4F7F-B1E3-C7D4EB182EDC} = {B42C385A-C28A-47B9-B101-89D6BAD64236}
		{5B327386-C159-4E95-93FB-8DD1B8FF0FA7} = {82649277-035E-47F1-AA29-061243118197}
		{B42C385A-C28A-47B9-B101-89D6BAD64236} = {82649277-035E-47F1-AA29-061243118197}
	EndGlobalSection
	GlobalSection(ExtensibilityGlobals) = postSolution
		SolutionGuid = {C6EE3835-3AB5-4009-9028-55AC7F8F2C8D}
	EndGlobalSection
EndGlobal
